
Microsoft Visual Studio Solution File, Format Version 12.00
# Visual Studio Version 18
VisualStudioVersion = 18.1.11304.174 d18.0
MinimumVisualStudioVersion = 10.0.40219.1
Project("{9A19103F-16F7-4668-BE54-9A1E7A4F7556}") = "Common.Core", "Common.Core\Common.Core.csproj", "{7E741413-3D49-406A-9E3A-E7BB8B3890D9}"
EndProject
Project("{9A19103F-16F7-4668-BE54-9A1E7A4F7556}") = "Common.Core.Test", "Common.Core.Test\Common.Core.Test.csproj", "{B90AF20F-7CDF-4BC6-948D-529164E92EC6}"
EndProject
Project("{9A19103F-16F7-4668-BE54-9A1E7A4F7556}") = "Common.Core.AspNet.Test", "Common.Core.AspNet.Test\Common.Core.AspNet.Test.csproj", "{F48399E4-F60D-408D-B5D7-EF7E8F253BB3}"
EndProject
Project("{FAE04EC0-301F-11D3-BF4B-00C04F79EFBC}") = "Common.Core.ConsoleApp.Test", "Common.Core.ConsoleApp.Test\Common.Core.ConsoleApp.Test.csproj", "{BA88C1BA-CBD0-4506-9504-9B3C27DA17C0}"
EndProject
Project("{FAE04EC0-301F-11D3-BF4B-00C04F79EFBC}") = "Common.Core.AOP", "Common.Core.AOP\Common.Core.AOP.csproj", "{1DF55F8E-613D-4516-BF5D-E4A92D825879}"
EndProject
Global
	GlobalSection(SolutionConfigurationPlatforms) = preSolution
		Debug|Any CPU = Debug|Any CPU
		Release|Any CPU = Release|Any CPU
	EndGlobalSection
	GlobalSection(ProjectConfigurationPlatforms) = postSolution
		{7E741413-3D49-406A-9E3A-E7BB8B3890D9}.Debug|Any CPU.ActiveCfg = Debug|Any CPU
		{7E741413-3D49-406A-9E3A-E7BB8B3890D9}.Debug|Any CPU.Build.0 = Debug|Any CPU
		{7E741413-3D49-406A-9E3A-E7BB8B3890D9}.Release|Any CPU.ActiveCfg = Release|Any CPU
		{7E741413-3D49-406A-9E3A-E7BB8B3890D9}.Release|Any CPU.Build.0 = Release|Any CPU
		{B90AF20F-7CDF-4BC6-948D-529164E92EC6}.Debug|Any CPU.ActiveCfg = Debug|Any CPU
		{B90AF20F-7CDF-4BC6-948D-529164E92EC6}.Debug|Any CPU.Build.0 = Debug|Any CPU
		{B90AF20F-7CDF-4BC6-948D-529164E92EC6}.Release|Any CPU.ActiveCfg = Release|Any CPU
		{B90AF20F-7CDF-4BC6-948D-529164E92EC6}.Release|Any CPU.Build.0 = Release|Any CPU
		{F48399E4-F60D-408D-B5D7-EF7E8F253BB3}.Debug|Any CPU.ActiveCfg = Debug|Any CPU
		{F48399E4-F60D-408D-B5D7-EF7E8F253BB3}.Debug|Any CPU.Build.0 = Debug|Any CPU
		{F48399E4-F60D-408D-B5D7-EF7E8F253BB3}.Release|Any CPU.ActiveCfg = Release|Any CPU
		{F48399E4-F60D-408D-B5D7-EF7E8F253BB3}.Release|Any CPU.Build.0 = Release|Any CPU
		{BA88C1BA-CBD0-4506-9504-9B3C27DA17C0}.Debug|Any CPU.ActiveCfg = Debug|Any CPU
		{BA88C1BA-CBD0-4506-9504-9B3C27DA17C0}.Debug|Any CPU.Build.0 = Debug|Any CPU
		{BA88C1BA-CBD0-4506-9504-9B3C27DA17C0}.Release|Any CPU.ActiveCfg = Release|Any CPU
		{BA88C1BA-CBD0-4506-9504-9B3C27DA17C0}.Release|Any CPU.Build.0 = Release|Any CPU
		{1DF55F8E-613D-4516-BF5D-E4A92D825879}.Debug|Any CPU.ActiveCfg = Debug|Any CPU
		{1DF55F8E-613D-4516-BF5D-E4A92D825879}.Debug|Any CPU.Build.0 = Debug|Any CPU
		{1DF55F8E-613D-4516-BF5D-E4A92D825879}.Release|Any CPU.ActiveCfg = Release|Any CPU
		{1DF55F8E-613D-4516-BF5D-E4A92D825879}.Release|Any CPU.Build.0 = Release|Any CPU
	EndGlobalSection
	GlobalSection(SolutionProperties) = preSolution
		HideSolutionNode = FALSE
	EndGlobalSection
	GlobalSection(ExtensibilityGlobals) = postSolution
		SolutionGuid = {E691D5C3-AF8C-4D61-8AFF-2C86515C6886}
	EndGlobalSection
EndGlobal
